
Microsoft Visual Studio Solution File, Format Version 12.00
# Visual Studio Version 17
VisualStudioVersion = 17.2.32526.322
MinimumVisualStudioVersion = 10.0.40219.1
Project("{00D1A9C2-B5F0-4AF3-8072-F6C62B433612}") = "UserDB", "UserDB\UserDB.sqlproj", "{D89D7689-081C-47DC-969C-ECEE09B5232F}"
EndProject
Project("{9A19103F-16F7-4668-BE54-9A1E7A4F7556}") = "DataAccess", "DataAccess\DataAccess.csproj", "{FEDE9D08-5C60-47BE-9FAF-E40CBBDE09EF}"
EndProject
Project("{2150E333-8FDC-42A3-9474-1A3956D46DE8}") = "Solution Items", "Solution Items", "{81EBB848-D578-475A-BC65-ADACCE0AF07C}"
	ProjectSection(SolutionItems) = preProject
		.editorconfig = .editorconfig
	EndProjectSection
EndProject
Project("{FAE04EC0-301F-11D3-BF4B-00C04F79EFBC}") = "MinimalApiDemo", "MinimalApiDemo\MinimalApiDemo.csproj", "{03DE9BFB-1B39-4EC3-94EE-2DCE987FDCA7}"
EndProject
Global
	GlobalSection(SolutionConfigurationPlatforms) = preSolution
		Debug|Any CPU = Debug|Any CPU
		Release|Any CPU = Release|Any CPU
	EndGlobalSection
	GlobalSection(ProjectConfigurationPlatforms) = postSolution
		{D89D7689-081C-47DC-969C-ECEE09B5232F}.Debug|Any CPU.ActiveCfg = Debug|Any CPU
		{D89D7689-081C-47DC-969C-ECEE09B5232F}.Debug|Any CPU.Build.0 = Debug|Any CPU
		{D89D7689-081C-47DC-969C-ECEE09B5232F}.Debug|Any CPU.Deploy.0 = Debug|Any CPU
		{D89D7689-081C-47DC-969C-ECEE09B5232F}.Release|Any CPU.ActiveCfg = Release|Any CPU
		{D89D7689-081C-47DC-969C-ECEE09B5232F}.Release|Any CPU.Build.0 = Release|Any CPU
		{D89D7689-081C-47DC-969C-ECEE09B5232F}.Release|Any CPU.Deploy.0 = Release|Any CPU
		{FEDE9D08-5C60-47BE-9FAF-E40CBBDE09EF}.Debug|Any CPU.ActiveCfg = Debug|Any CPU
		{FEDE9D08-5C60-47BE-9FAF-E40CBBDE09EF}.Debug|Any CPU.Build.0 = Debug|Any CPU
		{FEDE9D08-5C60-47BE-9FAF-E40CBBDE09EF}.Release|Any CPU.ActiveCfg = Release|Any CPU
		{FEDE9D08-5C60-47BE-9FAF-E40CBBDE09EF}.Release|Any CPU.Build.0 = Release|Any CPU
		{03DE9BFB-1B39-4EC3-94EE-2DCE987FDCA7}.Debug|Any CPU.ActiveCfg = Debug|Any CPU
		{03DE9BFB-1B39-4EC3-94EE-2DCE987FDCA7}.Debug|Any CPU.Build.0 = Debug|Any CPU
		{03DE9BFB-1B39-4EC3-94EE-2DCE987FDCA7}.Release|Any CPU.ActiveCfg = Release|Any CPU
		{03DE9BFB-1B39-4EC3-94EE-2DCE987FDCA7}.Release|Any CPU.Build.0 = Release|Any CPU
	EndGlobalSection
	GlobalSection(SolutionProperties) = preSolution
		HideSolutionNode = FALSE
	EndGlobalSection
	GlobalSection(ExtensibilityGlobals) = postSolution
		SolutionGuid = {AE182F47-1328-4332-8A8C-9A76F23A6D2C}
	EndGlobalSection
EndGlobal
